
Microsoft Visual Studio Solution File, Format Version 12.00
# Visual Studio Version 16
VisualStudioVersion = 16.0.30413.136
MinimumVisualStudioVersion = 10.0.40219.1
Project("{9A19103F-16F7-4668-BE54-9A1E7A4F7556}") = "PremiereApp", "PremiereApp\PremiereApp.csproj", "{A186276E-B29A-477F-8DE0-D3A6A40ABFAF}"
EndProject
Project("{9A19103F-16F7-4668-BE54-9A1E7A4F7556}") = "Exercice_01", "Exercice_01\Exercice_01.csproj", "{9057CB9C-3B06-4285-8971-8CB716C27DF2}"
EndProject
Project("{FAE04EC0-301F-11D3-BF4B-00C04F79EFBC}") = "Exercice_02", "Exercice_02\Exercice_02.csproj", "{77201FC6-569F-4677-BC90-4C8B2E48EC2F}"
EndProject
Project("{FAE04EC0-301F-11D3-BF4B-00C04F79EFBC}") = "Exercice_03", "Exercice_03\Exercice_03.csproj", "{68CFE2B1-C42D-4097-9200-CAAE924824E5}"
EndProject
Global
	GlobalSection(SolutionConfigurationPlatforms) = preSolution
		Debug|Any CPU = Debug|Any CPU
		Release|Any CPU = Release|Any CPU
	EndGlobalSection
	GlobalSection(ProjectConfigurationPlatforms) = postSolution
		{A186276E-B29A-477F-8DE0-D3A6A40ABFAF}.Debug|Any CPU.ActiveCfg = Debug|Any CPU
		{A186276E-B29A-477F-8DE0-D3A6A40ABFAF}.Debug|Any CPU.Build.0 = Debug|Any CPU
		{A186276E-B29A-477F-8DE0-D3A6A40ABFAF}.Release|Any CPU.ActiveCfg = Release|Any CPU
		{A186276E-B29A-477F-8DE0-D3A6A40ABFAF}.Release|Any CPU.Build.0 = Release|Any CPU
		{9057CB9C-3B06-4285-8971-8CB716C27DF2}.Debug|Any CPU.ActiveCfg = Debug|Any CPU
		{9057CB9C-3B06-4285-8971-8CB716C27DF2}.Debug|Any CPU.Build.0 = Debug|Any CPU
		{9057CB9C-3B06-4285-8971-8CB716C27DF2}.Release|Any CPU.ActiveCfg = Release|Any CPU
		{9057CB9C-3B06-4285-8971-8CB716C27DF2}.Release|Any CPU.Build.0 = Release|Any CPU
		{77201FC6-569F-4677-BC90-4C8B2E48EC2F}.Debug|Any CPU.ActiveCfg = Debug|Any CPU
		{77201FC6-569F-4677-BC90-4C8B2E48EC2F}.Debug|Any CPU.Build.0 = Debug|Any CPU
		{77201FC6-569F-4677-BC90-4C8B2E48EC2F}.Release|Any CPU.ActiveCfg = Release|Any CPU
		{77201FC6-569F-4677-BC90-4C8B2E48EC2F}.Release|Any CPU.Build.0 = Release|Any CPU
		{68CFE2B1-C42D-4097-9200-CAAE924824E5}.Debug|Any CPU.ActiveCfg = Debug|Any CPU
		{68CFE2B1-C42D-4097-9200-CAAE924824E5}.Debug|Any CPU.Build.0 = Debug|Any CPU
		{68CFE2B1-C42D-4097-9200-CAAE924824E5}.Release|Any CPU.ActiveCfg = Release|Any CPU
		{68CFE2B1-C42D-4097-9200-CAAE924824E5}.Release|Any CPU.Build.0 = Release|Any CPU
	EndGlobalSection
	GlobalSection(SolutionProperties) = preSolution
		HideSolutionNode = FALSE
	EndGlobalSection
	GlobalSection(ExtensibilityGlobals) = postSolution
		SolutionGuid = {7C4780AF-4113-49B6-B7CF-C3F2C8CA3532}
	EndGlobalSection
EndGlobal
